
Microsoft Visual Studio Solution File, Format Version 12.00
# Visual Studio Version 16
VisualStudioVersion = 16.0.29709.97
MinimumVisualStudioVersion = 10.0.40219.1
Project("{8BC9CEB8-8B4A-11D0-8D11-00A0C91BC942}") = "libfresponze", "projects\libfresponze\libfresponze.vcxproj", "{22B3F137-2C9B-4A7B-B127-C3A5D91D3EA8}"
EndProject
Project("{8BC9CEB8-8B4A-11D0-8D11-00A0C91BC942}") = "test_project", "projects\test_project\test_project.vcxproj", "{B0B73AFF-31D8-4098-B344-FA300CA381EF}"
	ProjectSection(ProjectDependencies) = postProject
		{22B3F137-2C9B-4A7B-B127-C3A5D91D3EA8} = {22B3F137-2C9B-4A7B-B127-C3A5D91D3EA8}
	EndProjectSection
EndProject
Project("{8BC9CEB8-8B4A-11D0-8D11-00A0C91BC942}") = "simple_mix", "examples\simple_mix\projects\simple_mix\simple_mix.vcxproj", "{22295BB9-C90D-4B34-A46F-9FBD1FACB966}"
EndProject
Project("{2150E333-8FDC-42A3-9474-1A3956D46DE8}") = "library", "library", "{67EACC39-2FEF-4189-93DC-E211409AF324}"
EndProject
Project("{2150E333-8FDC-42A3-9474-1A3956D46DE8}") = "examples", "examples", "{231ED27D-3CA4-4D0B-8B18-7C0FB31213F9}"
EndProject
Project("{8BC9CEB8-8B4A-11D0-8D11-00A0C91BC942}") = "MiniEngine", "MiniEngine\MiniEngine.vcxproj", "{0885D028-4090-4BF8-9C8C-CB99306A9D1C}"
EndProject
Global
	GlobalSection(SolutionConfigurationPlatforms) = preSolution
		Debug_DLL|x64 = Debug_DLL|x64
		Debug_DLL|x86 = Debug_DLL|x86
		Debug|x64 = Debug|x64
		Debug|x86 = Debug|x86
		Release_DLL|x64 = Release_DLL|x64
		Release_DLL|x86 = Release_DLL|x86
		Release|x64 = Release|x64
		Release|x86 = Release|x86
	EndGlobalSection
	GlobalSection(ProjectConfigurationPlatforms) = postSolution
		{22B3F137-2C9B-4A7B-B127-C3A5D91D3EA8}.Debug_DLL|x64.ActiveCfg = Debug_DLL|x64
		{22B3F137-2C9B-4A7B-B127-C3A5D91D3EA8}.Debug_DLL|x64.Build.0 = Debug_DLL|x64
		{22B3F137-2C9B-4A7B-B127-C3A5D91D3EA8}.Debug_DLL|x86.ActiveCfg = Debug_DLL|Win32
		{22B3F137-2C9B-4A7B-B127-C3A5D91D3EA8}.Debug_DLL|x86.Build.0 = Debug_DLL|Win32
		{22B3F137-2C9B-4A7B-B127-C3A5D91D3EA8}.Debug|x64.ActiveCfg = Debug|x64
		{22B3F137-2C9B-4A7B-B127-C3A5D91D3EA8}.Debug|x64.Build.0 = Debug|x64
		{22B3F137-2C9B-4A7B-B127-C3A5D91D3EA8}.Debug|x86.ActiveCfg = Debug|Win32
		{22B3F137-2C9B-4A7B-B127-C3A5D91D3EA8}.Debug|x86.Build.0 = Debug|Win32
		{22B3F137-2C9B-4A7B-B127-C3A5D91D3EA8}.Release_DLL|x64.ActiveCfg = Release_DLL|x64
		{22B3F137-2C9B-4A7B-B127-C3A5D91D3EA8}.Release_DLL|x64.Build.0 = Release_DLL|x64
		{22B3F137-2C9B-4A7B-B127-C3A5D91D3EA8}.Release_DLL|x86.ActiveCfg = Release_DLL|Win32
		{22B3F137-2C9B-4A7B-B127-C3A5D91D3EA8}.Release_DLL|x86.Build.0 = Release_DLL|Win32
		{22B3F137-2C9B-4A7B-B127-C3A5D91D3EA8}.Release|x64.ActiveCfg = Release|x64
		{22B3F137-2C9B-4A7B-B127-C3A5D91D3EA8}.Release|x64.Build.0 = Release|x64
		{22B3F137-2C9B-4A7B-B127-C3A5D91D3EA8}.Release|x86.ActiveCfg = Release|Win32
		{22B3F137-2C9B-4A7B-B127-C3A5D91D3EA8}.Release|x86.Build.0 = Release|Win32
		{B0B73AFF-31D8-4098-B344-FA300CA381EF}.Debug_DLL|x64.ActiveCfg = Debug_DLL|x64
		{B0B73AFF-31D8-4098-B344-FA300CA381EF}.Debug_DLL|x64.Build.0 = Debug_DLL|x64
		{B0B73AFF-31D8-4098-B344-FA300CA381EF}.Debug_DLL|x86.ActiveCfg = Debug|Win32
		{B0B73AFF-31D8-4098-B344-FA300CA381EF}.Debug_DLL|x86.Build.0 = Debug|Win32
		{B0B73AFF-31D8-4098-B344-FA300CA381EF}.Debug|x64.ActiveCfg = Debug|x64
		{B0B73AFF-31D8-4098-B344-FA300CA381EF}.Debug|x64.Build.0 = Debug|x64
		{B0B73AFF-31D8-4098-B344-FA300CA381EF}.Debug|x86.ActiveCfg = Debug|Win32
		{B0B73AFF-31D8-4098-B344-FA300CA381EF}.Debug|x86.Build.0 = Debug|Win32
		{B0B73AFF-31D8-4098-B344-FA300CA381EF}.Release_DLL|x64.ActiveCfg = Release_DLL|x64
		{B0B73AFF-31D8-4098-B344-FA300CA381EF}.Release_DLL|x64.Build.0 = Release_DLL|x64
		{B0B73AFF-31D8-4098-B344-FA300CA381EF}.Release_DLL|x86.ActiveCfg = Release|Win32
		{B0B73AFF-31D8-4098-B344-FA300CA381EF}.Release_DLL|x86.Build.0 = Release|Win32
		{B0B73AFF-31D8-4098-B344-FA300CA381EF}.Release|x64.ActiveCfg = Release|x64
		{B0B73AFF-31D8-4098-B344-FA300CA381EF}.Release|x64.Build.0 = Release|x64
		{B0B73AFF-31D8-4098-B344-FA300CA381EF}.Release|x86.ActiveCfg = Release|Win32
		{B0B73AFF-31D8-4098-B344-FA300CA381EF}.Release|x86.Build.0 = Release|Win32
		{22295BB9-C90D-4B34-A46F-9FBD1FACB966}.Debug_DLL|x64.ActiveCfg = Debug_DLL|x64
		{22295BB9-C90D-4B34-A46F-9FBD1FACB966}.Debug_DLL|x64.Build.0 = Debug_DLL|x64
		{22295BB9-C90D-4B34-A46F-9FBD1FACB966}.Debug_DLL|x86.ActiveCfg = Debug|Win32
		{22295BB9-C90D-4B34-A46F-9FBD1FACB966}.Debug_DLL|x86.Build.0 = Debug|Win32
		{22295BB9-C90D-4B34-A46F-9FBD1FACB966}.Debug|x64.ActiveCfg = Debug|x64
		{22295BB9-C90D-4B34-A46F-9FBD1FACB966}.Debug|x64.Build.0 = Debug|x64
		{22295BB9-C90D-4B34-A46F-9FBD1FACB966}.Debug|x86.ActiveCfg = Debug|Win32
		{22295BB9-C90D-4B34-A46F-9FBD1FACB966}.Debug|x86.Build.0 = Debug|Win32
		{22295BB9-C90D-4B34-A46F-9FBD1FACB966}.Release_DLL|x64.ActiveCfg = Release|x64
		{22295BB9-C90D-4B34-A46F-9FBD1FACB966}.Release_DLL|x64.Build.0 = Release|x64
		{22295BB9-C90D-4B34-A46F-9FBD1FACB966}.Release_DLL|x86.ActiveCfg = Release|Win32
		{22295BB9-C90D-4B34-A46F-9FBD1FACB966}.Release_DLL|x86.Build.0 = Release|Win32
		{22295BB9-C90D-4B34-A46F-9FBD1FACB966}.Release|x64.ActiveCfg = Release|x64
		{22295BB9-C90D-4B34-A46F-9FBD1FACB966}.Release|x64.Build.0 = Release|x64
		{22295BB9-C90D-4B34-A46F-9FBD1FACB966}.Release|x86.ActiveCfg = Release|Win32
		{22295BB9-C90D-4B34-A46F-9FBD1FACB966}.Release|x86.Build.0 = Release|Win32
		{0885D028-4090-4BF8-9C8C-CB99306A9D1C}.Debug_DLL|x64.ActiveCfg = Debug_DLL|x64
		{0885D028-4090-4BF8-9C8C-CB99306A9D1C}.Debug_DLL|x64.Build.0 = Debug_DLL|x64
		{0885D028-4090-4BF8-9C8C-CB99306A9D1C}.Debug_DLL|x86.ActiveCfg = Debug|Win32
		{0885D028-4090-4BF8-9C8C-CB99306A9D1C}.Debug_DLL|x86.Build.0 = Debug|Win32
		{0885D028-4090-4BF8-9C8C-CB99306A9D1C}.Debug|x64.ActiveCfg = Debug|x64
		{0885D028-4090-4BF8-9C8C-CB99306A9D1C}.Debug|x64.Build.0 = Debug|x64
		{0885D028-4090-4BF8-9C8C-CB99306A9D1C}.Debug|x86.ActiveCfg = Debug|Win32
		{0885D028-4090-4BF8-9C8C-CB99306A9D1C}.Debug|x86.Build.0 = Debug|Win32
		{0885D028-4090-4BF8-9C8C-CB99306A9D1C}.Release_DLL|x64.ActiveCfg = Release_DLL|x64
		{0885D028-4090-4BF8-9C8C-CB99306A9D1C}.Release_DLL|x64.Build.0 = Release_DLL|x64
		{0885D028-4090-4BF8-9C8C-CB99306A9D1C}.Release_DLL|x86.ActiveCfg = Release|Win32
		{0885D028-4090-4BF8-9C8C-CB99306A9D1C}.Release_DLL|x86.Build.0 = Release|Win32
		{0885D028-4090-4BF8-9C8C-CB99306A9D1C}.Release|x64.ActiveCfg = Release|x64
		{0885D028-4090-4BF8-9C8C-CB99306A9D1C}.Release|x64.Build.0 = Release|x64
		{0885D028-4090-4BF8-9C8C-CB99306A9D1C}.Release|x86.ActiveCfg = Release|Win32
		{0885D028-4090-4BF8-9C8C-CB99306A9D1C}.Release|x86.Build.0 = Release|Win32
	EndGlobalSection
	GlobalSection(SolutionProperties) = preSolution
		HideSolutionNode = FALSE
	EndGlobalSection
	GlobalSection(NestedProjects) = preSolution
		{22B3F137-2C9B-4A7B-B127-C3A5D91D3EA8} = {67EACC39-2FEF-4189-93DC-E211409AF324}
		{B0B73AFF-31D8-4098-B344-FA300CA381EF} = {231ED27D-3CA4-4D0B-8B18-7C0FB31213F9}
		{22295BB9-C90D-4B34-A46F-9FBD1FACB966} = {231ED27D-3CA4-4D0B-8B18-7C0FB31213F9}
		{0885D028-4090-4BF8-9C8C-CB99306A9D1C} = {231ED27D-3CA4-4D0B-8B18-7C0FB31213F9}
	EndGlobalSection
	GlobalSection(ExtensibilityGlobals) = postSolution
		SolutionGuid = {302E6053-4247-425E-BA1D-EF19993A4D3B}
	EndGlobalSection
EndGlobal
