
Microsoft Visual Studio Solution File, Format Version 12.00
# Visual Studio Version 16
VisualStudioVersion = 16.0.29709.97
MinimumVisualStudioVersion = 10.0.40219.1
Project("{8BC9CEB8-8B4A-11D0-8D11-00A0C91BC942}") = "libfresponze", "projects\libfresponze\libfresponze.vcxproj", "{22B3F137-2C9B-4A7B-B127-C3A5D91D3EA8}"
EndProject
Project("{8BC9CEB8-8B4A-11D0-8D11-00A0C91BC942}") = "test_project", "projects\test_project\test_project.vcxproj", "{B0B73AFF-31D8-4098-B344-FA300CA381EF}"
	ProjectSection(ProjectDependencies) = postProject
		{22B3F137-2C9B-4A7B-B127-C3A5D91D3EA8} = {22B3F137-2C9B-4A7B-B127-C3A5D91D3EA8}
	EndProjectSection
EndProject
Project("{2150E333-8FDC-42A3-9474-1A3956D46DE8}") = "library", "library", "{67EACC39-2FEF-4189-93DC-E211409AF324}"
EndProject
Project("{2150E333-8FDC-42A3-9474-1A3956D46DE8}") = "examples", "examples", "{231ED27D-3CA4-4D0B-8B18-7C0FB31213F9}"
EndProject
Project("{2150E333-8FDC-42A3-9474-1A3956D46DE8}") = "3rd-party", "3rd-party", "{4E8832CC-3A98-41C8-A21C-BDF671EF8077}"
EndProject
Project("{8BC9CEB8-8B4A-11D0-8D11-00A0C91BC942}") = "tbb", "modules\onetbb\build\vs2013\tbb.vcxproj", "{F62787DD-1327-448B-9818-030062BCFAA5}"
EndProject
Project("{8BC9CEB8-8B4A-11D0-8D11-00A0C91BC942}") = "device_managment", "examples\device_managment\device_managment.vcxproj", "{481517ED-11A3-47DA-9D16-61C8357CFC62}"
	ProjectSection(ProjectDependencies) = postProject
		{22B3F137-2C9B-4A7B-B127-C3A5D91D3EA8} = {22B3F137-2C9B-4A7B-B127-C3A5D91D3EA8}
	EndProjectSection
EndProject
Project("{8BC9CEB8-8B4A-11D0-8D11-00A0C91BC942}") = "custom_callback", "examples\custom_callback\custom_callback.vcxproj", "{DA981E1C-EDA2-4EED-A3AC-2DBE67C2F2FE}"
EndProject
Global
	GlobalSection(SolutionConfigurationPlatforms) = preSolution
		Debug_DLL|x64 = Debug_DLL|x64
		Debug_DLL|x86 = Debug_DLL|x86
		Debug|x64 = Debug|x64
		Debug|x86 = Debug|x86
		Release_DLL|x64 = Release_DLL|x64
		Release_DLL|x86 = Release_DLL|x86
		Release|x64 = Release|x64
		Release|x86 = Release|x86
	EndGlobalSection
	GlobalSection(ProjectConfigurationPlatforms) = postSolution
		{22B3F137-2C9B-4A7B-B127-C3A5D91D3EA8}.Debug_DLL|x64.ActiveCfg = Debug_DLL|x64
		{22B3F137-2C9B-4A7B-B127-C3A5D91D3EA8}.Debug_DLL|x64.Build.0 = Debug_DLL|x64
		{22B3F137-2C9B-4A7B-B127-C3A5D91D3EA8}.Debug_DLL|x86.ActiveCfg = Debug_DLL|x64
		{22B3F137-2C9B-4A7B-B127-C3A5D91D3EA8}.Debug|x64.ActiveCfg = Debug|x64
		{22B3F137-2C9B-4A7B-B127-C3A5D91D3EA8}.Debug|x64.Build.0 = Debug|x64
		{22B3F137-2C9B-4A7B-B127-C3A5D91D3EA8}.Debug|x86.ActiveCfg = Debug|x64
		{22B3F137-2C9B-4A7B-B127-C3A5D91D3EA8}.Release_DLL|x64.ActiveCfg = Release_DLL|x64
		{22B3F137-2C9B-4A7B-B127-C3A5D91D3EA8}.Release_DLL|x64.Build.0 = Release_DLL|x64
		{22B3F137-2C9B-4A7B-B127-C3A5D91D3EA8}.Release_DLL|x86.ActiveCfg = Release_DLL|x64
		{22B3F137-2C9B-4A7B-B127-C3A5D91D3EA8}.Release|x64.ActiveCfg = Release|x64
		{22B3F137-2C9B-4A7B-B127-C3A5D91D3EA8}.Release|x64.Build.0 = Release|x64
		{22B3F137-2C9B-4A7B-B127-C3A5D91D3EA8}.Release|x86.ActiveCfg = Release|x64
		{B0B73AFF-31D8-4098-B344-FA300CA381EF}.Debug_DLL|x64.ActiveCfg = Debug_DLL|x64
		{B0B73AFF-31D8-4098-B344-FA300CA381EF}.Debug_DLL|x64.Build.0 = Debug_DLL|x64
		{B0B73AFF-31D8-4098-B344-FA300CA381EF}.Debug_DLL|x86.ActiveCfg = Debug_DLL|x64
		{B0B73AFF-31D8-4098-B344-FA300CA381EF}.Debug|x64.ActiveCfg = Debug|x64
		{B0B73AFF-31D8-4098-B344-FA300CA381EF}.Debug|x64.Build.0 = Debug|x64
		{B0B73AFF-31D8-4098-B344-FA300CA381EF}.Debug|x86.ActiveCfg = Debug|x64
		{B0B73AFF-31D8-4098-B344-FA300CA381EF}.Release_DLL|x64.ActiveCfg = Release_DLL|x64
		{B0B73AFF-31D8-4098-B344-FA300CA381EF}.Release_DLL|x64.Build.0 = Release_DLL|x64
		{B0B73AFF-31D8-4098-B344-FA300CA381EF}.Release_DLL|x86.ActiveCfg = Release_DLL|x64
		{B0B73AFF-31D8-4098-B344-FA300CA381EF}.Release|x64.ActiveCfg = Release|x64
		{B0B73AFF-31D8-4098-B344-FA300CA381EF}.Release|x64.Build.0 = Release|x64
		{B0B73AFF-31D8-4098-B344-FA300CA381EF}.Release|x86.ActiveCfg = Release|x64
		{F62787DD-1327-448B-9818-030062BCFAA5}.Debug_DLL|x64.ActiveCfg = Debug_DLL|x64
		{F62787DD-1327-448B-9818-030062BCFAA5}.Debug_DLL|x64.Build.0 = Debug_DLL|x64
		{F62787DD-1327-448B-9818-030062BCFAA5}.Debug_DLL|x86.ActiveCfg = Debug_DLL|Win32
		{F62787DD-1327-448B-9818-030062BCFAA5}.Debug_DLL|x86.Build.0 = Debug_DLL|Win32
		{F62787DD-1327-448B-9818-030062BCFAA5}.Debug|x64.ActiveCfg = Debug-MT|x64
		{F62787DD-1327-448B-9818-030062BCFAA5}.Debug|x64.Build.0 = Debug-MT|x64
		{F62787DD-1327-448B-9818-030062BCFAA5}.Debug|x86.ActiveCfg = Debug|Win32
		{F62787DD-1327-448B-9818-030062BCFAA5}.Debug|x86.Build.0 = Debug|Win32
		{F62787DD-1327-448B-9818-030062BCFAA5}.Release_DLL|x64.ActiveCfg = Release_DLL|x64
		{F62787DD-1327-448B-9818-030062BCFAA5}.Release_DLL|x64.Build.0 = Release_DLL|x64
		{F62787DD-1327-448B-9818-030062BCFAA5}.Release_DLL|x86.ActiveCfg = Release_DLL|Win32
		{F62787DD-1327-448B-9818-030062BCFAA5}.Release_DLL|x86.Build.0 = Release_DLL|Win32
		{F62787DD-1327-448B-9818-030062BCFAA5}.Release|x64.ActiveCfg = Release|x64
		{F62787DD-1327-448B-9818-030062BCFAA5}.Release|x64.Build.0 = Release|x64
		{F62787DD-1327-448B-9818-030062BCFAA5}.Release|x86.ActiveCfg = Release|Win32
		{F62787DD-1327-448B-9818-030062BCFAA5}.Release|x86.Build.0 = Release|Win32
		{481517ED-11A3-47DA-9D16-61C8357CFC62}.Debug_DLL|x64.ActiveCfg = Debug_DLL|x64
		{481517ED-11A3-47DA-9D16-61C8357CFC62}.Debug_DLL|x64.Build.0 = Debug_DLL|x64
		{481517ED-11A3-47DA-9D16-61C8357CFC62}.Debug_DLL|x86.ActiveCfg = Debug_DLL|Win32
		{481517ED-11A3-47DA-9D16-61C8357CFC62}.Debug_DLL|x86.Build.0 = Debug_DLL|Win32
		{481517ED-11A3-47DA-9D16-61C8357CFC62}.Debug|x64.ActiveCfg = Debug|x64
		{481517ED-11A3-47DA-9D16-61C8357CFC62}.Debug|x64.Build.0 = Debug|x64
		{481517ED-11A3-47DA-9D16-61C8357CFC62}.Debug|x86.ActiveCfg = Debug|Win32
		{481517ED-11A3-47DA-9D16-61C8357CFC62}.Debug|x86.Build.0 = Debug|Win32
		{481517ED-11A3-47DA-9D16-61C8357CFC62}.Release_DLL|x64.ActiveCfg = Release_DLL|x64
		{481517ED-11A3-47DA-9D16-61C8357CFC62}.Release_DLL|x64.Build.0 = Release_DLL|x64
		{481517ED-11A3-47DA-9D16-61C8357CFC62}.Release_DLL|x86.ActiveCfg = Release_DLL|Win32
		{481517ED-11A3-47DA-9D16-61C8357CFC62}.Release_DLL|x86.Build.0 = Release_DLL|Win32
		{481517ED-11A3-47DA-9D16-61C8357CFC62}.Release|x64.ActiveCfg = Release|x64
		{481517ED-11A3-47DA-9D16-61C8357CFC62}.Release|x64.Build.0 = Release|x64
		{481517ED-11A3-47DA-9D16-61C8357CFC62}.Release|x86.ActiveCfg = Release|Win32
		{481517ED-11A3-47DA-9D16-61C8357CFC62}.Release|x86.Build.0 = Release|Win32
		{DA981E1C-EDA2-4EED-A3AC-2DBE67C2F2FE}.Debug_DLL|x64.ActiveCfg = Debug_DLL|x64
		{DA981E1C-EDA2-4EED-A3AC-2DBE67C2F2FE}.Debug_DLL|x64.Build.0 = Debug_DLL|x64
		{DA981E1C-EDA2-4EED-A3AC-2DBE67C2F2FE}.Debug_DLL|x86.ActiveCfg = Debug_DLL|Win32
		{DA981E1C-EDA2-4EED-A3AC-2DBE67C2F2FE}.Debug_DLL|x86.Build.0 = Debug_DLL|Win32
		{DA981E1C-EDA2-4EED-A3AC-2DBE67C2F2FE}.Debug|x64.ActiveCfg = Debug|x64
		{DA981E1C-EDA2-4EED-A3AC-2DBE67C2F2FE}.Debug|x64.Build.0 = Debug|x64
		{DA981E1C-EDA2-4EED-A3AC-2DBE67C2F2FE}.Debug|x86.ActiveCfg = Debug|Win32
		{DA981E1C-EDA2-4EED-A3AC-2DBE67C2F2FE}.Debug|x86.Build.0 = Debug|Win32
		{DA981E1C-EDA2-4EED-A3AC-2DBE67C2F2FE}.Release_DLL|x64.ActiveCfg = Release_DLL|x64
		{DA981E1C-EDA2-4EED-A3AC-2DBE67C2F2FE}.Release_DLL|x64.Build.0 = Release_DLL|x64
		{DA981E1C-EDA2-4EED-A3AC-2DBE67C2F2FE}.Release_DLL|x86.ActiveCfg = Release_DLL|Win32
		{DA981E1C-EDA2-4EED-A3AC-2DBE67C2F2FE}.Release_DLL|x86.Build.0 = Release_DLL|Win32
		{DA981E1C-EDA2-4EED-A3AC-2DBE67C2F2FE}.Release|x64.ActiveCfg = Release|x64
		{DA981E1C-EDA2-4EED-A3AC-2DBE67C2F2FE}.Release|x64.Build.0 = Release|x64
		{DA981E1C-EDA2-4EED-A3AC-2DBE67C2F2FE}.Release|x86.ActiveCfg = Release|Win32
		{DA981E1C-EDA2-4EED-A3AC-2DBE67C2F2FE}.Release|x86.Build.0 = Release|Win32
	EndGlobalSection
	GlobalSection(SolutionProperties) = preSolution
		HideSolutionNode = FALSE
	EndGlobalSection
	GlobalSection(NestedProjects) = preSolution
		{22B3F137-2C9B-4A7B-B127-C3A5D91D3EA8} = {67EACC39-2FEF-4189-93DC-E211409AF324}
		{B0B73AFF-31D8-4098-B344-FA300CA381EF} = {231ED27D-3CA4-4D0B-8B18-7C0FB31213F9}
		{4E8832CC-3A98-41C8-A21C-BDF671EF8077} = {67EACC39-2FEF-4189-93DC-E211409AF324}
		{F62787DD-1327-448B-9818-030062BCFAA5} = {4E8832CC-3A98-41C8-A21C-BDF671EF8077}
		{481517ED-11A3-47DA-9D16-61C8357CFC62} = {231ED27D-3CA4-4D0B-8B18-7C0FB31213F9}
		{DA981E1C-EDA2-4EED-A3AC-2DBE67C2F2FE} = {231ED27D-3CA4-4D0B-8B18-7C0FB31213F9}
	EndGlobalSection
	GlobalSection(ExtensibilityGlobals) = postSolution
		SolutionGuid = {302E6053-4247-425E-BA1D-EF19993A4D3B}
	EndGlobalSection
EndGlobal
